<?xml version="1.0" encoding="utf-8"?>
<Project ToolsVersion="4.0" xmlns="http://schemas.microsoft.com/developer/msbuild/2003">
  <ItemGroup>
    <Filter Include="Game">
      <UniqueIdentifier>{40b3de1c-690e-4660-85ef-af2a574f0d15}</UniqueIdentifier>
    </Filter>
    <Filter Include="Tests">
      <UniqueIdentifier>{706adab5-d38b-4f0a-a12d-76f55de66928}</UniqueIdentifier>
    </Filter>
  </ItemGroup>
  <ItemGroup>
    <ClCompile Include="Game\ComplementsManager.cpp">
      <Filter>Game</Filter>
    </ClCompile>
    <ClCompile Include="Game\GameLoop.cpp">
      <Filter>Game</Filter>
    </ClCompile>
    <ClCompile Include="Game\GameStatus.cpp">
      <Filter>Game</Filter>
    </ClCompile>
    <ClCompile Include="Game\Player.cpp">
      <Filter>Game</Filter>
    </ClCompile>
    <ClCompile Include="Game\Timer.cpp">
      <Filter>Game</Filter>
    </ClCompile>
    <ClCompile Include="Game\World.cpp">
      <Filter>Game</Filter>
    </ClCompile>
    <ClCompile Include="Source.cpp">
      <Filter>Tests</Filter>
    </ClCompile>
  </ItemGroup>
  <ItemGroup>
    <ClInclude Include="Game\ComplementsManager.h">
      <Filter>Game</Filter>
    </ClInclude>
    <ClInclude Include="Game\GameLoop.h">
      <Filter>Game</Filter>
    </ClInclude>
    <ClInclude Include="Game\GameStatus.h">
      <Filter>Game</Filter>
    </ClInclude>
    <ClInclude Include="Game\Location2D.h">
      <Filter>Game</Filter>
    </ClInclude>
    <ClInclude Include="Game\Player.h">
      <Filter>Game</Filter>
    </ClInclude>
    <ClInclude Include="Game\Timer.h">
      <Filter>Game</Filter>
    </ClInclude>
    <ClInclude Include="Game\WinInclude.h">
      <Filter>Game</Filter>
    </ClInclude>
    <ClInclude Include="Game\World.h">
      <Filter>Game</Filter>
    </ClInclude>
  </ItemGroup>
  <ItemGroup>
    <None Include="packages.config" />
  </ItemGroup>
</Project>